
Microsoft Visual Studio Solution File, Format Version 12.00
# Visual Studio 15
VisualStudioVersion = 15.0.28307.102
MinimumVisualStudioVersion = 10.0.40219.1
Project("{9A19103F-16F7-4668-BE54-9A1E7A4F7556}") = "SingleResponsibility.NonComplaint", "..\SingleResponsibilityExamples\SingleResponsibility.NonComplaint\SingleResponsibility.NonComplaint.csproj", "{76280CCA-B522-4294-B78B-C8B0B3B4A3DC}"
EndProject
Project("{9A19103F-16F7-4668-BE54-9A1E7A4F7556}") = "SingleResponsibilityComplaint", "SingleResponsibilityComplaint\SingleResponsibilityComplaint.csproj", "{33EFC006-117F-4FE1-ABF5-53658E6795EC}"
EndProject
Project("{9A19103F-16F7-4668-BE54-9A1E7A4F7556}") = "Srp.Example", "Srp.Example\Srp.Example.csproj", "{C4FFFE17-F9AF-470F-BA16-42CABD529E2F}"
EndProject
Project("{FAE04EC0-301F-11D3-BF4B-00C04F79EFBC}") = "Srp.MVC", "Srp.MVC\Srp.MVC.csproj", "{963B89FE-F692-4D23-A34B-350D3F5193DA}"
EndProject
Global
	GlobalSection(SolutionConfigurationPlatforms) = preSolution
		Debug|Any CPU = Debug|Any CPU
		Release|Any CPU = Release|Any CPU
	EndGlobalSection
	GlobalSection(ProjectConfigurationPlatforms) = postSolution
		{76280CCA-B522-4294-B78B-C8B0B3B4A3DC}.Debug|Any CPU.ActiveCfg = Debug|Any CPU
		{76280CCA-B522-4294-B78B-C8B0B3B4A3DC}.Debug|Any CPU.Build.0 = Debug|Any CPU
		{76280CCA-B522-4294-B78B-C8B0B3B4A3DC}.Release|Any CPU.ActiveCfg = Release|Any CPU
		{76280CCA-B522-4294-B78B-C8B0B3B4A3DC}.Release|Any CPU.Build.0 = Release|Any CPU
		{33EFC006-117F-4FE1-ABF5-53658E6795EC}.Debug|Any CPU.ActiveCfg = Debug|Any CPU
		{33EFC006-117F-4FE1-ABF5-53658E6795EC}.Debug|Any CPU.Build.0 = Debug|Any CPU
		{33EFC006-117F-4FE1-ABF5-53658E6795EC}.Release|Any CPU.ActiveCfg = Release|Any CPU
		{33EFC006-117F-4FE1-ABF5-53658E6795EC}.Release|Any CPU.Build.0 = Release|Any CPU
		{C4FFFE17-F9AF-470F-BA16-42CABD529E2F}.Debug|Any CPU.ActiveCfg = Debug|Any CPU
		{C4FFFE17-F9AF-470F-BA16-42CABD529E2F}.Debug|Any CPU.Build.0 = Debug|Any CPU
		{C4FFFE17-F9AF-470F-BA16-42CABD529E2F}.Release|Any CPU.ActiveCfg = Release|Any CPU
		{C4FFFE17-F9AF-470F-BA16-42CABD529E2F}.Release|Any CPU.Build.0 = Release|Any CPU
		{963B89FE-F692-4D23-A34B-350D3F5193DA}.Debug|Any CPU.ActiveCfg = Debug|Any CPU
		{963B89FE-F692-4D23-A34B-350D3F5193DA}.Debug|Any CPU.Build.0 = Debug|Any CPU
		{963B89FE-F692-4D23-A34B-350D3F5193DA}.Release|Any CPU.ActiveCfg = Release|Any CPU
		{963B89FE-F692-4D23-A34B-350D3F5193DA}.Release|Any CPU.Build.0 = Release|Any CPU
	EndGlobalSection
	GlobalSection(SolutionProperties) = preSolution
		HideSolutionNode = FALSE
	EndGlobalSection
	GlobalSection(ExtensibilityGlobals) = postSolution
		SolutionGuid = {4C090357-D2D8-4AD8-BA61-10F89CACE6DC}
	EndGlobalSection
EndGlobal
